// !$*UTF8*$!
{
	archiveVersion = 1;
	classes = {
	};
	objectVersion = 46;
	objects = {

/* Begin PBXBuildFile section */
		C5BD066F1ACCDEFB00B2674B /* AppDelegate.swift in Sources */ = {isa = PBXBuildFile; fileRef = C5BD066E1ACCDEFB00B2674B /* AppDelegate.swift */; };
		C5BD06711ACCDEFB00B2674B /* DemoViewController.swift in Sources */ = {isa = PBXBuildFile; fileRef = C5BD06701ACCDEFB00B2674B /* DemoViewController.swift */; };
		C5BD06741ACCDEFB00B2674B /* Main.storyboard in Resources */ = {isa = PBXBuildFile; fileRef = C5BD06721ACCDEFB00B2674B /* Main.storyboard */; };
		C5BD06761ACCDEFB00B2674B /* Images.xcassets in Resources */ = {isa = PBXBuildFile; fileRef = C5BD06751ACCDEFB00B2674B /* Images.xcassets */; };
		C5BD06791ACCDEFB00B2674B /* LaunchScreen.xib in Resources */ = {isa = PBXBuildFile; fileRef = C5BD06771ACCDEFB00B2674B /* LaunchScreen.xib */; };
		C5BD068F1ACCDF1A00B2674B /* DCDMagnifyingGlassView.swift in Sources */ = {isa = PBXBuildFile; fileRef = C5BD068E1ACCDF1A00B2674B /* DCDMagnifyingGlassView.swift */; };
/* End PBXBuildFile section */

/* Begin PBXFileReference section */
		C5BD06691ACCDEFB00B2674B /* DCDMagnifyingGlass.app */ = {isa = PBXFileReference; explicitFileType = wrapper.application; includeInIndex = 0; path = DCDMagnifyingGlass.app; sourceTree = BUILT_PRODUCTS_DIR; };
		C5BD066D1ACCDEFB00B2674B /* Info.plist */ = {isa = PBXFileReference; lastKnownFileType = text.plist.xml; path = Info.plist; sourceTree = "<group>"; };
		C5BD066E1ACCDEFB00B2674B /* AppDelegate.swift */ = {isa = PBXFileReference; lastKnownFileType = sourcecode.swift; path = AppDelegate.swift; sourceTree = "<group>"; };
		C5BD06701ACCDEFB00B2674B /* DemoViewController.swift */ = {isa = PBXFileReference; lastKnownFileType = sourcecode.swift; path = DemoViewController.swift; sourceTree = "<group>"; };
		C5BD06731ACCDEFB00B2674B /* Base */ = {isa = PBXFileReference; lastKnownFileType = file.storyboard; name = Base; path = Base.lproj/Main.storyboard; sourceTree = "<group>"; };
		C5BD06751ACCDEFB00B2674B /* Images.xcassets */ = {isa = PBXFileReference; lastKnownFileType = folder.assetcatalog; path = Images.xcassets; sourceTree = "<group>"; };
		C5BD06781ACCDEFB00B2674B /* Base */ = {isa = PBXFileReference; lastKnownFileType = file.xib; name = Base; path = Base.lproj/LaunchScreen.xib; sourceTree = "<group>"; };
		C5BD068E1ACCDF1A00B2674B /* DCDMagnifyingGlassView.swift */ = {isa = PBXFileReference; fileEncoding = 4; lastKnownFileType = sourcecode.swift; path = DCDMagnifyingGlassView.swift; sourceTree = "<group>"; };
/* End PBXFileReference section */

/* Begin PBXFrameworksBuildPhase section */
		C5BD06661ACCDEFB00B2674B /* Frameworks */ = {
			isa = PBXFrameworksBuildPhase;
			buildActionMask = 2147483647;
			files = (
			);
			runOnlyForDeploymentPostprocessing = 0;
		};
/* End PBXFrameworksBuildPhase section */

/* Begin PBXGroup section */
		C5BD06601ACCDEFB00B2674B = {
			isa = PBXGroup;
			children = (
				C5BD066B1ACCDEFB00B2674B /* DCDMagnifyingGlass */,
				C5BD066A1ACCDEFB00B2674B /* Products */,
			);
			sourceTree = "<group>";
		};
		C5BD066A1ACCDEFB00B2674B /* Products */ = {
			isa = PBXGroup;
			children = (
				C5BD06691ACCDEFB00B2674B /* DCDMagnifyingGlass.app */,
			);
			name = Products;
			sourceTree = "<group>";
		};
		C5BD066B1ACCDEFB00B2674B /* DCDMagnifyingGlass */ = {
			isa = PBXGroup;
			children = (
				C5BD066E1ACCDEFB00B2674B /* AppDelegate.swift */,
				C5BD06701ACCDEFB00B2674B /* DemoViewController.swift */,
				C5BD06721ACCDEFB00B2674B /* Main.storyboard */,
				C5BD06751ACCDEFB00B2674B /* Images.xcassets */,
				C5BD06771ACCDEFB00B2674B /* LaunchScreen.xib */,
				C5BD066C1ACCDEFB00B2674B /* Supporting Files */,
				C5BD068E1ACCDF1A00B2674B /* DCDMagnifyingGlassView.swift */,
			);
			path = DCDMagnifyingGlass;
			sourceTree = "<group>";
		};
		C5BD066C1ACCDEFB00B2674B /* Supporting Files */ = {
			isa = PBXGroup;
			children = (
				C5BD066D1ACCDEFB00B2674B /* Info.plist */,
			);
			name = "Supporting Files";
			sourceTree = "<group>";
		};
/* End PBXGroup section */

/* Begin PBXNativeTarget section */
		C5BD06681ACCDEFB00B2674B /* DCDMagnifyingGlass */ = {
			isa = PBXNativeTarget;
			buildConfigurationList = C5BD06881ACCDEFB00B2674B /* Build configuration list for PBXNativeTarget "DCDMagnifyingGlass" */;
			buildPhases = (
				C5BD06651ACCDEFB00B2674B /* Sources */,
				C5BD06661ACCDEFB00B2674B /* Frameworks */,
				C5BD06671ACCDEFB00B2674B /* Resources */,
			);
			buildRules = (
			);
			dependencies = (
			);
			name = DCDMagnifyingGlass;
			productName = DCDMagnifyingGlass;
			productReference = C5BD06691ACCDEFB00B2674B /* DCDMagnifyingGlass.app */;
			productType = "com.apple.product-type.application";
		};
/* End PBXNativeTarget section */

/* Begin PBXProject section */
		C5BD06611ACCDEFB00B2674B /* Project object */ = {
			isa = PBXProject;
			attributes = {
				LastUpgradeCheck = 0620;
				ORGANIZATIONNAME = "Negin Hodaie";
				TargetAttributes = {
					C5BD06681ACCDEFB00B2674B = {
						CreatedOnToolsVersion = 6.2;
					};
				};
			};
			buildConfigurationList = C5BD06641ACCDEFB00B2674B /* Build configuration list for PBXProject "DCDMagnifyingGlass" */;
			compatibilityVersion = "Xcode 3.2";
			developmentRegion = English;
			hasScannedForEncodings = 0;
			knownRegions = (
				en,
				Base,
			);
			mainGroup = C5BD06601ACCDEFB00B2674B;
			productRefGroup = C5BD066A1ACCDEFB00B2674B /* Products */;
			projectDirPath = "";
			projectRoot = "";
			targets = (
				C5BD06681ACCDEFB00B2674B /* DCDMagnifyingGlass */,
			);
		};
/* End PBXProject section */

/* Begin PBXResourcesBuildPhase section */
		C5BD06671ACCDEFB00B2674B /* Resources */ = {
			isa = PBXResourcesBuildPhase;
			buildActionMask = 2147483647;
			files = (
				C5BD06741ACCDEFB00B2674B /* Main.storyboard in Resources */,
				C5BD06791ACCDEFB00B2674B /* LaunchScreen.xib in Resources */,
				C5BD06761ACCDEFB00B2674B /* Images.xcassets in Resources */,
			);
			runOnlyForDeploymentPostprocessing = 0;
		};
/* End PBXResourcesBuildPhase section */

/* Begin PBXSourcesBuildPhase section */
		C5BD06651ACCDEFB00B2674B /* Sources */ = {
			isa = PBXSourcesBuildPhase;
			buildActionMask = 2147483647;
			files = (
				C5BD06711ACCDEFB00B2674B /* DemoViewController.swift in Sources */,
				C5BD066F1ACCDEFB00B2674B /* AppDelegate.swift in Sources */,
				C5BD068F1ACCDF1A00B2674B /* DCDMagnifyingGlassView.swift in Sources */,
			);
			runOnlyForDeploymentPostprocessing = 0;
		};
/* End PBXSourcesBuildPhase section */

/* Begin PBXVariantGroup section */
		C5BD06721ACCDEFB00B2674B /* Main.storyboard */ = {
			isa = PBXVariantGroup;
			children = (
				C5BD06731ACCDEFB00B2674B /* Base */,
			);
			name = Main.storyboard;
			sourceTree = "<group>";
		};
		C5BD06771ACCDEFB00B2674B /* LaunchScreen.xib */ = {
			isa = PBXVariantGroup;
			children = (
				C5BD06781ACCDEFB00B2674B /* Base */,
			);
			name = LaunchScreen.xib;
			sourceTree = "<group>";
		};
/* End PBXVariantGroup section */

/* Begin XCBuildConfiguration section */
		C5BD06861ACCDEFB00B2674B /* Debug */ = {
			isa = XCBuildConfiguration;
			buildSettings = {
				ALWAYS_SEARCH_USER_PATHS = NO;
				CLANG_CXX_LANGUAGE_STANDARD = "gnu++0x";
				CLANG_CXX_LIBRARY = "libc++";
				CLANG_ENABLE_MODULES = YES;
				CLANG_ENABLE_OBJC_ARC = YES;
				CLANG_WARN_BOOL_CONVERSION = YES;
				CLANG_WARN_CONSTANT_CONVERSION = YES;
				CLANG_WARN_DIRECT_OBJC_ISA_USAGE = YES_ERROR;
				CLANG_WARN_EMPTY_BODY = YES;
				CLANG_WARN_ENUM_CONVERSION = YES;
				CLANG_WARN_INT_CONVERSION = YES;
				CLANG_WARN_OBJC_ROOT_CLASS = YES_ERROR;
				CLANG_WARN_UNREACHABLE_CODE = YES;
				CLANG_WARN__DUPLICATE_METHOD_MATCH = YES;
				"CODE_SIGN_IDENTITY[sdk=iphoneos*]" = "iPhone Developer";
				COPY_PHASE_STRIP = NO;
				ENABLE_STRICT_OBJC_MSGSEND = YES;
				GCC_C_LANGUAGE_STANDARD = gnu99;
				GCC_DYNAMIC_NO_PIC = NO;
				GCC_OPTIMIZATION_LEVEL = 0;
				GCC_PREPROCESSOR_DEFINITIONS = (
					"DEBUG=1",
					"$(inherited)",
				);
				GCC_SYMBOLS_PRIVATE_EXTERN = NO;
				GCC_WARN_64_TO_32_BIT_CONVERSION = YES;
				GCC_WARN_ABOUT_RETURN_TYPE = YES_ERROR;
				GCC_WARN_UNDECLARED_SELECTOR = YES;
				GCC_WARN_UNINITIALIZED_AUTOS = YES_AGGRESSIVE;
				GCC_WARN_UNUSED_FUNCTION = YES;
				GCC_WARN_UNUSED_VARIABLE = YES;
				IPHONEOS_DEPLOYMENT_TARGET = 8.2;
				MTL_ENABLE_DEBUG_INFO = YES;
				ONLY_ACTIVE_ARCH = YES;
				SDKROOT = iphoneos;
				SWIFT_OPTIMIZATION_LEVEL = "-Onone";
				TARGETED_DEVICE_FAMILY = "1,2";
			};
			name = Debug;
		};
		C5BD06871ACCDEFB00B2674B /* Release */ = {
			isa = XCBuildConfiguration;
			buildSettings = {
				ALWAYS_SEARCH_USER_PATHS = NO;
				CLANG_CXX_LANGUAGE_STANDARD = "gnu++0x";
				CLANG_CXX_LIBRARY = "libc++";
				CLANG_ENABLE_MODULES = YES;
				CLANG_ENABLE_OBJC_ARC = YES;
				CLANG_WARN_BOOL_CONVERSION = YES;
				CLANG_WARN_CONSTANT_CONVERSION = YES;
				CLANG_WARN_DIRECT_OBJC_ISA_USAGE = YES_ERROR;
				CLANG_WARN_EMPTY_BODY = YES;
				CLANG_WARN_ENUM_CONVERSION = YES;
				CLANG_WARN_INT_CONVERSION = YES;
				CLANG_WARN_OBJC_ROOT_CLASS = YES_ERROR;
				CLANG_WARN_UNREACHABLE_CODE = YES;
				CLANG_WARN__DUPLICATE_METHOD_MATCH = YES;
				"CODE_SIGN_IDENTITY[sdk=iphoneos*]" = "iPhone Developer";
				COPY_PHASE_STRIP = NO;
				ENABLE_NS_ASSERTIONS = NO;
				ENABLE_STRICT_OBJC_MSGSEND = YES;
				GCC_C_LANGUAGE_STANDARD = gnu99;
				GCC_WARN_64_TO_32_BIT_CONVERSION = YES;
				GCC_WARN_ABOUT_RETURN_TYPE = YES_ERROR;
				GCC_WARN_UNDECLARED_SELECTOR = YES;
				GCC_WARN_UNINITIALIZED_AUTOS = YES_AGGRESSIVE;
				GCC_WARN_UNUSED_FUNCTION = YES;
				GCC_WARN_UNUSED_VARIABLE = YES;
				IPHONEOS_DEPLOYMENT_TARGET = 8.2;
				MTL_ENABLE_DEBUG_INFO = NO;
				SDKROOT = iphoneos;
				TARGETED_DEVICE_FAMILY = "1,2";
				VALIDATE_PRODUCT = YES;
			};
			name = Release;
		};
		C5BD06891ACCDEFB00B2674B /* Debug */ = {
			isa = XCBuildConfiguration;
			buildSettings = {
				ASSETCATALOG_COMPILER_APPICON_NAME = AppIcon;
				INFOPLIST_FILE = DCDMagnifyingGlass/Info.plist;
				LD_RUNPATH_SEARCH_PATHS = "$(inherited) @executable_path/Frameworks";
				PRODUCT_NAME = "$(TARGET_NAME)";
			};
			name = Debug;
		};
		C5BD068A1ACCDEFB00B2674B /* Release */ = {
			isa = XCBuildConfiguration;
			buildSettings = {
				ASSETCATALOG_COMPILER_APPICON_NAME = AppIcon;
				INFOPLIST_FILE = DCDMagnifyingGlass/Info.plist;
				LD_RUNPATH_SEARCH_PATHS = "$(inherited) @executable_path/Frameworks";
				PRODUCT_NAME = "$(TARGET_NAME)";
			};
			name = Release;
		};
/* End XCBuildConfiguration section */

/* Begin XCConfigurationList section */
		C5BD06641ACCDEFB00B2674B /* Build configuration list for PBXProject "DCDMagnifyingGlass" */ = {
			isa = XCConfigurationList;
			buildConfigurations = (
				C5BD06861ACCDEFB00B2674B /* Debug */,
				C5BD06871ACCDEFB00B2674B /* Release */,
			);
			defaultConfigurationIsVisible = 0;
			defaultConfigurationName = Release;
		};
		C5BD06881ACCDEFB00B2674B /* Build configuration list for PBXNativeTarget "DCDMagnifyingGlass" */ = {
			isa = XCConfigurationList;
			buildConfigurations = (
				C5BD06891ACCDEFB00B2674B /* Debug */,
				C5BD068A1ACCDEFB00B2674B /* Release */,
			);
			defaultConfigurationIsVisible = 0;
			defaultConfigurationName = Release;
		};
/* End XCConfigurationList section */
	};
	rootObject = C5BD06611ACCDEFB00B2674B /* Project object */;
}
